
Microsoft Visual Studio Solution File, Format Version 12.00
# Visual Studio 14
VisualStudioVersion = 14.0.25420.1
MinimumVisualStudioVersion = 10.0.40219.1
Project("{2150E333-8FDC-42A3-9474-1A3956D46DE8}") = "src", "src", "{D58A7704-12B9-40AA-B5EA-94C3B311BCB4}"
EndProject
Project("{2150E333-8FDC-42A3-9474-1A3956D46DE8}") = "Solution Items", "Solution Items", "{226F8A41-31A1-4E68-8618-7CC830C1185F}"
	ProjectSection(SolutionItems) = preProject
		global.json = global.json
	EndProjectSection
EndProject
Project("{8BB2217D-0F2D-49D1-97BC-3654ED321F3B}") = "CoreMVCAngular", "src\CoreMVCAngular\CoreMVCAngular.xproj", "{0194DF34-511E-4184-889C-B0AB498E7C6E}"
EndProject
Global
	GlobalSection(SolutionConfigurationPlatforms) = preSolution
		Debug|Any CPU = Debug|Any CPU
		Release|Any CPU = Release|Any CPU
	EndGlobalSection
	GlobalSection(ProjectConfigurationPlatforms) = postSolution
		{0194DF34-511E-4184-889C-B0AB498E7C6E}.Debug|Any CPU.ActiveCfg = Debug|Any CPU
		{0194DF34-511E-4184-889C-B0AB498E7C6E}.Debug|Any CPU.Build.0 = Debug|Any CPU
		{0194DF34-511E-4184-889C-B0AB498E7C6E}.Release|Any CPU.ActiveCfg = Release|Any CPU
		{0194DF34-511E-4184-889C-B0AB498E7C6E}.Release|Any CPU.Build.0 = Release|Any CPU
	EndGlobalSection
	GlobalSection(SolutionProperties) = preSolution
		HideSolutionNode = FALSE
	EndGlobalSection
	GlobalSection(NestedProjects) = preSolution
		{0194DF34-511E-4184-889C-B0AB498E7C6E} = {D58A7704-12B9-40AA-B5EA-94C3B311BCB4}
	EndGlobalSection
EndGlobal
